
Microsoft Visual Studio Solution File, Format Version 12.00
# Visual Studio Version 17
VisualStudioVersion = 17.0.31903.59
MinimumVisualStudioVersion = 10.0.40219.1
Project("{2150E333-8FDC-42A3-9474-1A3956D46DE8}") = "src", "src", "{827E0CD3-B72D-47B6-A68D-7590B98EB39B}"
EndProject
Project("{2150E333-8FDC-42A3-9474-1A3956D46DE8}") = "tests", "tests", "{A1B2C3D4-E5F6-7890-ABCD-EF1234567890}"
EndProject
Project("{FAE04EC0-301F-11D3-BF4B-00C04F79EFBC}") = "OskTech.Domain", "src\OskTech.Domain\OskTech.Domain.csproj", "{92C9FBC6-720E-4822-A62D-FDE5808BB8CF}"
EndProject
Project("{FAE04EC0-301F-11D3-BF4B-00C04F79EFBC}") = "OskTech.Application", "src\OskTech.Application\OskTech.Application.csproj", "{DA2D1A1B-7B46-47AD-A78A-4F7D817FDE0F}"
EndProject
Project("{FAE04EC0-301F-11D3-BF4B-00C04F79EFBC}") = "OskTech.Infrastructure", "src\OskTech.Infrastructure\OskTech.Infrastructure.csproj", "{E181E5B1-4CD2-4E64-8B15-0C273F1D3C6D}"
EndProject
Project("{FAE04EC0-301F-11D3-BF4B-00C04F79EFBC}") = "OskTech.Host", "src\OskTech.Host\OskTech.Host.csproj", "{F44888F9-5189-4E7C-A703-704B66504E1C}"
EndProject
Project("{FAE04EC0-301F-11D3-BF4B-00C04F79EFBC}") = "OskTech.Migrator", "src\OskTech.Migrator\OskTech.Migrator.csproj", "{387DDF27-F7D6-401E-93FC-BD237F3ED95C}"
EndProject
Project("{FAE04EC0-301F-11D3-BF4B-00C04F79EFBC}") = "OskTech.UnitTests", "tests\OskTech.UnitTests\OskTech.UnitTests.csproj", "{CA0AB39D-0305-4701-A520-3239230BAFF7}"
EndProject
Project("{FAE04EC0-301F-11D3-BF4B-00C04F79EFBC}") = "OskTech.IntegrationTests", "tests\OskTech.IntegrationTests\OskTech.IntegrationTests.csproj", "{D39BB789-B487-4DE6-890B-750B7ADB3A76}"
EndProject
Global
	GlobalSection(SolutionConfigurationPlatforms) = preSolution
		Debug|Any CPU = Debug|Any CPU
		Debug|x64 = Debug|x64
		Debug|x86 = Debug|x86
		Release|Any CPU = Release|Any CPU
		Release|x64 = Release|x64
		Release|x86 = Release|x86
	EndGlobalSection
	GlobalSection(ProjectConfigurationPlatforms) = postSolution
		{92C9FBC6-720E-4822-A62D-FDE5808BB8CF}.Debug|Any CPU.ActiveCfg = Debug|Any CPU
		{92C9FBC6-720E-4822-A62D-FDE5808BB8CF}.Debug|Any CPU.Build.0 = Debug|Any CPU
		{92C9FBC6-720E-4822-A62D-FDE5808BB8CF}.Debug|x64.ActiveCfg = Debug|Any CPU
		{92C9FBC6-720E-4822-A62D-FDE5808BB8CF}.Debug|x64.Build.0 = Debug|Any CPU
		{92C9FBC6-720E-4822-A62D-FDE5808BB8CF}.Debug|x86.ActiveCfg = Debug|Any CPU
		{92C9FBC6-720E-4822-A62D-FDE5808BB8CF}.Debug|x86.Build.0 = Debug|Any CPU
		{92C9FBC6-720E-4822-A62D-FDE5808BB8CF}.Release|Any CPU.ActiveCfg = Release|Any CPU
		{92C9FBC6-720E-4822-A62D-FDE5808BB8CF}.Release|Any CPU.Build.0 = Release|Any CPU
		{92C9FBC6-720E-4822-A62D-FDE5808BB8CF}.Release|x64.ActiveCfg = Release|Any CPU
		{92C9FBC6-720E-4822-A62D-FDE5808BB8CF}.Release|x64.Build.0 = Release|Any CPU
		{92C9FBC6-720E-4822-A62D-FDE5808BB8CF}.Release|x86.ActiveCfg = Release|Any CPU
		{92C9FBC6-720E-4822-A62D-FDE5808BB8CF}.Release|x86.Build.0 = Release|Any CPU
		{DA2D1A1B-7B46-47AD-A78A-4F7D817FDE0F}.Debug|Any CPU.ActiveCfg = Debug|Any CPU
		{DA2D1A1B-7B46-47AD-A78A-4F7D817FDE0F}.Debug|Any CPU.Build.0 = Debug|Any CPU
		{DA2D1A1B-7B46-47AD-A78A-4F7D817FDE0F}.Debug|x64.ActiveCfg = Debug|Any CPU
		{DA2D1A1B-7B46-47AD-A78A-4F7D817FDE0F}.Debug|x64.Build.0 = Debug|Any CPU
		{DA2D1A1B-7B46-47AD-A78A-4F7D817FDE0F}.Debug|x86.ActiveCfg = Debug|Any CPU
		{DA2D1A1B-7B46-47AD-A78A-4F7D817FDE0F}.Debug|x86.Build.0 = Debug|Any CPU
		{DA2D1A1B-7B46-47AD-A78A-4F7D817FDE0F}.Release|Any CPU.ActiveCfg = Release|Any CPU
		{DA2D1A1B-7B46-47AD-A78A-4F7D817FDE0F}.Release|Any CPU.Build.0 = Release|Any CPU
		{DA2D1A1B-7B46-47AD-A78A-4F7D817FDE0F}.Release|x64.ActiveCfg = Release|Any CPU
		{DA2D1A1B-7B46-47AD-A78A-4F7D817FDE0F}.Release|x64.Build.0 = Release|Any CPU
		{DA2D1A1B-7B46-47AD-A78A-4F7D817FDE0F}.Release|x86.ActiveCfg = Release|Any CPU
		{DA2D1A1B-7B46-47AD-A78A-4F7D817FDE0F}.Release|x86.Build.0 = Release|Any CPU
		{E181E5B1-4CD2-4E64-8B15-0C273F1D3C6D}.Debug|Any CPU.ActiveCfg = Debug|Any CPU
		{E181E5B1-4CD2-4E64-8B15-0C273F1D3C6D}.Debug|Any CPU.Build.0 = Debug|Any CPU
		{E181E5B1-4CD2-4E64-8B15-0C273F1D3C6D}.Debug|x64.ActiveCfg = Debug|Any CPU
		{E181E5B1-4CD2-4E64-8B15-0C273F1D3C6D}.Debug|x64.Build.0 = Debug|Any CPU
		{E181E5B1-4CD2-4E64-8B15-0C273F1D3C6D}.Debug|x86.ActiveCfg = Debug|Any CPU
		{E181E5B1-4CD2-4E64-8B15-0C273F1D3C6D}.Debug|x86.Build.0 = Debug|Any CPU
		{E181E5B1-4CD2-4E64-8B15-0C273F1D3C6D}.Release|Any CPU.ActiveCfg = Release|Any CPU
		{E181E5B1-4CD2-4E64-8B15-0C273F1D3C6D}.Release|Any CPU.Build.0 = Release|Any CPU
		{E181E5B1-4CD2-4E64-8B15-0C273F1D3C6D}.Release|x64.ActiveCfg = Release|Any CPU
		{E181E5B1-4CD2-4E64-8B15-0C273F1D3C6D}.Release|x64.Build.0 = Release|Any CPU
		{E181E5B1-4CD2-4E64-8B15-0C273F1D3C6D}.Release|x86.ActiveCfg = Release|Any CPU
		{E181E5B1-4CD2-4E64-8B15-0C273F1D3C6D}.Release|x86.Build.0 = Release|Any CPU
		{F44888F9-5189-4E7C-A703-704B66504E1C}.Debug|Any CPU.ActiveCfg = Debug|Any CPU
		{F44888F9-5189-4E7C-A703-704B66504E1C}.Debug|Any CPU.Build.0 = Debug|Any CPU
		{F44888F9-5189-4E7C-A703-704B66504E1C}.Debug|x64.ActiveCfg = Debug|Any CPU
		{F44888F9-5189-4E7C-A703-704B66504E1C}.Debug|x64.Build.0 = Debug|Any CPU
		{F44888F9-5189-4E7C-A703-704B66504E1C}.Debug|x86.ActiveCfg = Debug|Any CPU
		{F44888F9-5189-4E7C-A703-704B66504E1C}.Debug|x86.Build.0 = Debug|Any CPU
		{F44888F9-5189-4E7C-A703-704B66504E1C}.Release|Any CPU.ActiveCfg = Release|Any CPU
		{F44888F9-5189-4E7C-A703-704B66504E1C}.Release|Any CPU.Build.0 = Release|Any CPU
		{F44888F9-5189-4E7C-A703-704B66504E1C}.Release|x64.ActiveCfg = Release|Any CPU
		{F44888F9-5189-4E7C-A703-704B66504E1C}.Release|x64.Build.0 = Release|Any CPU
		{F44888F9-5189-4E7C-A703-704B66504E1C}.Release|x86.ActiveCfg = Release|Any CPU
		{F44888F9-5189-4E7C-A703-704B66504E1C}.Release|x86.Build.0 = Release|Any CPU
		{387DDF27-F7D6-401E-93FC-BD237F3ED95C}.Debug|Any CPU.ActiveCfg = Debug|Any CPU
		{387DDF27-F7D6-401E-93FC-BD237F3ED95C}.Debug|Any CPU.Build.0 = Debug|Any CPU
		{387DDF27-F7D6-401E-93FC-BD237F3ED95C}.Debug|x64.ActiveCfg = Debug|Any CPU
		{387DDF27-F7D6-401E-93FC-BD237F3ED95C}.Debug|x64.Build.0 = Debug|Any CPU
		{387DDF27-F7D6-401E-93FC-BD237F3ED95C}.Debug|x86.ActiveCfg = Debug|Any CPU
		{387DDF27-F7D6-401E-93FC-BD237F3ED95C}.Debug|x86.Build.0 = Debug|Any CPU
		{387DDF27-F7D6-401E-93FC-BD237F3ED95C}.Release|Any CPU.ActiveCfg = Release|Any CPU
		{387DDF27-F7D6-401E-93FC-BD237F3ED95C}.Release|Any CPU.Build.0 = Release|Any CPU
		{387DDF27-F7D6-401E-93FC-BD237F3ED95C}.Release|x64.ActiveCfg = Release|Any CPU
		{387DDF27-F7D6-401E-93FC-BD237F3ED95C}.Release|x64.Build.0 = Release|Any CPU
		{387DDF27-F7D6-401E-93FC-BD237F3ED95C}.Release|x86.ActiveCfg = Release|Any CPU
		{387DDF27-F7D6-401E-93FC-BD237F3ED95C}.Release|x86.Build.0 = Release|Any CPU
		{CA0AB39D-0305-4701-A520-3239230BAFF7}.Debug|Any CPU.ActiveCfg = Debug|Any CPU
		{CA0AB39D-0305-4701-A520-3239230BAFF7}.Debug|Any CPU.Build.0 = Debug|Any CPU
		{CA0AB39D-0305-4701-A520-3239230BAFF7}.Debug|x64.ActiveCfg = Debug|Any CPU
		{CA0AB39D-0305-4701-A520-3239230BAFF7}.Debug|x64.Build.0 = Debug|Any CPU
		{CA0AB39D-0305-4701-A520-3239230BAFF7}.Debug|x86.ActiveCfg = Debug|Any CPU
		{CA0AB39D-0305-4701-A520-3239230BAFF7}.Debug|x86.Build.0 = Debug|Any CPU
		{CA0AB39D-0305-4701-A520-3239230BAFF7}.Release|Any CPU.ActiveCfg = Release|Any CPU
		{CA0AB39D-0305-4701-A520-3239230BAFF7}.Release|Any CPU.Build.0 = Release|Any CPU
		{CA0AB39D-0305-4701-A520-3239230BAFF7}.Release|x64.ActiveCfg = Release|Any CPU
		{CA0AB39D-0305-4701-A520-3239230BAFF7}.Release|x64.Build.0 = Release|Any CPU
		{CA0AB39D-0305-4701-A520-3239230BAFF7}.Release|x86.ActiveCfg = Release|Any CPU
		{CA0AB39D-0305-4701-A520-3239230BAFF7}.Release|x86.Build.0 = Release|Any CPU
		{D39BB789-B487-4DE6-890B-750B7ADB3A76}.Debug|Any CPU.ActiveCfg = Debug|Any CPU
		{D39BB789-B487-4DE6-890B-750B7ADB3A76}.Debug|Any CPU.Build.0 = Debug|Any CPU
		{D39BB789-B487-4DE6-890B-750B7ADB3A76}.Debug|x64.ActiveCfg = Debug|Any CPU
		{D39BB789-B487-4DE6-890B-750B7ADB3A76}.Debug|x64.Build.0 = Debug|Any CPU
		{D39BB789-B487-4DE6-890B-750B7ADB3A76}.Debug|x86.ActiveCfg = Debug|Any CPU
		{D39BB789-B487-4DE6-890B-750B7ADB3A76}.Debug|x86.Build.0 = Debug|Any CPU
		{D39BB789-B487-4DE6-890B-750B7ADB3A76}.Release|Any CPU.ActiveCfg = Release|Any CPU
		{D39BB789-B487-4DE6-890B-750B7ADB3A76}.Release|Any CPU.Build.0 = Release|Any CPU
		{D39BB789-B487-4DE6-890B-750B7ADB3A76}.Release|x64.ActiveCfg = Release|Any CPU
		{D39BB789-B487-4DE6-890B-750B7ADB3A76}.Release|x64.Build.0 = Release|Any CPU
		{D39BB789-B487-4DE6-890B-750B7ADB3A76}.Release|x86.ActiveCfg = Release|Any CPU
		{D39BB789-B487-4DE6-890B-750B7ADB3A76}.Release|x86.Build.0 = Release|Any CPU
	EndGlobalSection
	GlobalSection(SolutionProperties) = preSolution
		HideSolutionNode = FALSE
	EndGlobalSection
	GlobalSection(NestedProjects) = preSolution
		{92C9FBC6-720E-4822-A62D-FDE5808BB8CF} = {827E0CD3-B72D-47B6-A68D-7590B98EB39B}
		{DA2D1A1B-7B46-47AD-A78A-4F7D817FDE0F} = {827E0CD3-B72D-47B6-A68D-7590B98EB39B}
		{E181E5B1-4CD2-4E64-8B15-0C273F1D3C6D} = {827E0CD3-B72D-47B6-A68D-7590B98EB39B}
		{F44888F9-5189-4E7C-A703-704B66504E1C} = {827E0CD3-B72D-47B6-A68D-7590B98EB39B}
		{387DDF27-F7D6-401E-93FC-BD237F3ED95C} = {827E0CD3-B72D-47B6-A68D-7590B98EB39B}
		{CA0AB39D-0305-4701-A520-3239230BAFF7} = {A1B2C3D4-E5F6-7890-ABCD-EF1234567890}
		{D39BB789-B487-4DE6-890B-750B7ADB3A76} = {A1B2C3D4-E5F6-7890-ABCD-EF1234567890}
	EndGlobalSection
EndGlobal
